
Microsoft Visual Studio Solution File, Format Version 12.00
# Visual Studio Version 16
VisualStudioVersion = 16.0.30717.126
MinimumVisualStudioVersion = 10.0.40219.1
Project("{8BC9CEB8-8B4A-11D0-8D11-00A0C91BC942}") = "streamingcommunity-downloader", "streamingcommunity-downloader\streamingcommunity-downloader.vcxproj", "{975DCBBB-DDC4-4F0D-808C-EF2888D87FB1}"
EndProject
Global
	GlobalSection(SolutionConfigurationPlatforms) = preSolution
		Debug|x64 = Debug|x64
		Debug|x86 = Debug|x86
		Release|x64 = Release|x64
		Release|x86 = Release|x86
	EndGlobalSection
	GlobalSection(ProjectConfigurationPlatforms) = postSolution
		{975DCBBB-DDC4-4F0D-808C-EF2888D87FB1}.Debug|x64.ActiveCfg = Debug|x64
		{975DCBBB-DDC4-4F0D-808C-EF2888D87FB1}.Debug|x64.Build.0 = Debug|x64
		{975DCBBB-DDC4-4F0D-808C-EF2888D87FB1}.Debug|x86.ActiveCfg = Debug|Win32
		{975DCBBB-DDC4-4F0D-808C-EF2888D87FB1}.Debug|x86.Build.0 = Debug|Win32
		{975DCBBB-DDC4-4F0D-808C-EF2888D87FB1}.Release|x64.ActiveCfg = Release|x64
		{975DCBBB-DDC4-4F0D-808C-EF2888D87FB1}.Release|x64.Build.0 = Release|x64
		{975DCBBB-DDC4-4F0D-808C-EF2888D87FB1}.Release|x86.ActiveCfg = Release|Win32
		{975DCBBB-DDC4-4F0D-808C-EF2888D87FB1}.Release|x86.Build.0 = Release|Win32
	EndGlobalSection
	GlobalSection(SolutionProperties) = preSolution
		HideSolutionNode = FALSE
	EndGlobalSection
	GlobalSection(ExtensibilityGlobals) = postSolution
		SolutionGuid = {78236969-CFA9-4072-AE24-FFD2EB141C03}
	EndGlobalSection
EndGlobal
