<?xml version="1.0" encoding="utf-8"?>
<Project ToolsVersion="4.0" xmlns="http://schemas.microsoft.com/developer/msbuild/2003">
  <ItemGroup>
    <Filter Include="header files">
      <UniqueIdentifier>{93995380-89BD-4b04-88EB-625FBE52EBFB}</UniqueIdentifier>
      <Extensions>h;hh;hpp;hxx;h++;hm;inl;inc;ipp;xsd</Extensions>
    </Filter>
    <Filter Include="source files">
      <UniqueIdentifier>{4FC737F1-C7A5-4376-A066-2A32D752A2FF}</UniqueIdentifier>
      <Extensions>cpp;c;cc;cxx;c++;cppm;ixx;def;odl;idl;hpj;bat;asm;asmx</Extensions>
    </Filter>
    <Filter Include="header files\utils">
      <UniqueIdentifier>{ce9c2e56-b031-4c1c-998d-5fa7fc74f79e}</UniqueIdentifier>
    </Filter>
    <Filter Include="source files\utils">
      <UniqueIdentifier>{4b3f4055-ab30-4b39-9f7a-4a619d4d7a99}</UniqueIdentifier>
    </Filter>
  </ItemGroup>
  <ItemGroup>
    <ClCompile Include="entrypoint.cpp">
      <Filter>source files</Filter>
    </ClCompile>
    <ClCompile Include="utils\utils.cpp">
      <Filter>source files\utils</Filter>
    </ClCompile>
  </ItemGroup>
  <ItemGroup>
    <ClInclude Include="utils\utils.hh">
      <Filter>header files\utils</Filter>
    </ClInclude>
  </ItemGroup>
</Project>